{
  "object": {
    "pins": [
      {
        "package": "Alamofire",
        "repositoryURL": "https://github.com/Alamofire/Alamofire.git",
        "state": {
          "branch": null,
          "revision": "513364f870f6bfc468f9d2ff0a95caccc10044c5",
          "version": "5.10.2"
        }
      },
      {
        "package": "RealmDatabase",
        "repositoryURL": "https://github.com/realm/realm-core.git",
        "state": {
          "branch": null,
          "revision": "85eeca41654cc9070ad81a21a4b1d153ad467c33",
          "version": "14.13.1"
        }
      },
      {
        "package": "Realm",
        "repositoryURL": "https://github.com/realm/realm-swift.git",
        "state": {
          "branch": null,
          "revision": "a3abcdf95a3176f5ad990239920aad4ef86e00de",
          "version": "10.54.2"
        }
      },
      {
        "package": "SDWebImage",
        "repositoryURL": "https://github.com/SDWebImage/SDWebImage.git",
        "state": {
          "branch": null,
          "revision": "10d06f6a33bafae8c164fbfd1f03391f6d4692b3",
          "version": "5.20.0"
        }
      },
      {
        "package": "SwiftyJSON",
        "repositoryURL": "https://github.com/SwiftyJSON/SwiftyJSON.git",
        "state": {
          "branch": null,
          "revision": "af76cf3ef710b6ca5f8c05f3a31307d44a3c5828",
          "version": "5.0.2"
        }
      }
    ]
  },
  "version": 1
}
